{
 "profile": "[settings]\narch=x86_64\narch_build=x86_64\nbuild_type=Release\ncompiler=apple-clang\ncompiler.libcxx=libc++\ncompiler.version=10.0\nos=Macos\nos_build=Macos\n[options]\n[build_requires]\n[env]\n",
 "graph_lock": {
  "nodes": {
   "196811f2-bc8c-11e9-aa1d-80e6501413ee": {
    "pref": "glad/0.1.29@bincrafters/stable#0:fdb3cebd79a0e7c1ec9d3709a19c41c36654437c#74d9eb9adfe0790d7b492847e6bfe957",
    "options": "api_type=gl\napi_version=4.1\nextensions=''\nfPIC=True\nno_loader=False\nprofile=core\nshared=False\nspec=gl"
   },
   "196813a0-bc8c-11e9-aa1d-80e6501413ee": {
    "pref": "glfw/3.3@bincrafters/stable#0:534dcc368c999e07e81f146b3466b8f656ef1f55#9df317341696abc90f0182890ff324a4",
    "options": "fPIC=True\nshared=False"
   },
   "196814e0-bc8c-11e9-aa1d-80e6501413ee": {
    "pref": null,
    "options": "glad:api_type=gl\nglad:api_version=4.1\nglad:extensions=''\nglad:fPIC=True\nglad:no_loader=False\nglad:profile=core\nglad:shared=False\nglad:spec=gl\nglfw:fPIC=True\nglfw:shared=False",
    "requires": {
     "glfw/3.3@bincrafters/stable#0": "196813a0-bc8c-11e9-aa1d-80e6501413ee",
     "glad/0.1.29@bincrafters/stable#0": "196811f2-bc8c-11e9-aa1d-80e6501413ee"
    }
   }
  }
 },
 "version": "0.1"
}